
Microsoft Visual Studio Solution File, Format Version 12.00
# Visual Studio Version 17
VisualStudioVersion = 17.13.36105.23 d17.13
MinimumVisualStudioVersion = 10.0.40219.1
Project("{FAE04EC0-301F-11D3-BF4B-00C04F79EFBC}") = "mnPoCGeoIp", "mnPoCGeoIp\mnPoCGeoIp.csproj", "{F5A8D4DB-72ED-4057-9368-A54A684EA13D}"
EndProject
Global
	GlobalSection(SolutionConfigurationPlatforms) = preSolution
		Debug|Any CPU = Debug|Any CPU
		Release|Any CPU = Release|Any CPU
	EndGlobalSection
	GlobalSection(ProjectConfigurationPlatforms) = postSolution
		{F5A8D4DB-72ED-4057-9368-A54A684EA13D}.Debug|Any CPU.ActiveCfg = Debug|Any CPU
		{F5A8D4DB-72ED-4057-9368-A54A684EA13D}.Debug|Any CPU.Build.0 = Debug|Any CPU
		{F5A8D4DB-72ED-4057-9368-A54A684EA13D}.Release|Any CPU.ActiveCfg = Release|Any CPU
		{F5A8D4DB-72ED-4057-9368-A54A684EA13D}.Release|Any CPU.Build.0 = Release|Any CPU
	EndGlobalSection
	GlobalSection(SolutionProperties) = preSolution
		HideSolutionNode = FALSE
	EndGlobalSection
	GlobalSection(ExtensibilityGlobals) = postSolution
		SolutionGuid = {32E5B15F-F3B2-4E25-B7E9-3BF1EDDB8C83}
	EndGlobalSection
EndGlobal
